
Microsoft Visual Studio Solution File, Format Version 12.00
# Visual Studio Version 16
VisualStudioVersion = 16.0.31321.278
MinimumVisualStudioVersion = 10.0.40219.1
Project("{9A19103F-16F7-4668-BE54-9A1E7A4F7556}") = "Blazor.MapD3", "Blazor.MapD3\Blazor.MapD3.csproj", "{17B46BBE-877E-4C7E-B061-D863CB8DF01D}"
EndProject
Project("{2150E333-8FDC-42A3-9474-1A3956D46DE8}") = "Solution Items", "Solution Items", "{6E9AD9C4-0026-49D9-AC64-8B5122284759}"
	ProjectSection(SolutionItems) = preProject
		.gitignore = .gitignore
		LICENSE = LICENSE
		README.md = README.md
	EndProjectSection
EndProject
Project("{9A19103F-16F7-4668-BE54-9A1E7A4F7556}") = "Demo", "Demo\Demo.csproj", "{5C1325B6-8D8F-4E30-9173-E627B89A2D4C}"
EndProject
Global
	GlobalSection(SolutionConfigurationPlatforms) = preSolution
		Debug|Any CPU = Debug|Any CPU
		Release|Any CPU = Release|Any CPU
	EndGlobalSection
	GlobalSection(ProjectConfigurationPlatforms) = postSolution
		{17B46BBE-877E-4C7E-B061-D863CB8DF01D}.Debug|Any CPU.ActiveCfg = Debug|Any CPU
		{17B46BBE-877E-4C7E-B061-D863CB8DF01D}.Debug|Any CPU.Build.0 = Debug|Any CPU
		{17B46BBE-877E-4C7E-B061-D863CB8DF01D}.Release|Any CPU.ActiveCfg = Release|Any CPU
		{17B46BBE-877E-4C7E-B061-D863CB8DF01D}.Release|Any CPU.Build.0 = Release|Any CPU
		{5C1325B6-8D8F-4E30-9173-E627B89A2D4C}.Debug|Any CPU.ActiveCfg = Debug|Any CPU
		{5C1325B6-8D8F-4E30-9173-E627B89A2D4C}.Debug|Any CPU.Build.0 = Debug|Any CPU
		{5C1325B6-8D8F-4E30-9173-E627B89A2D4C}.Release|Any CPU.ActiveCfg = Release|Any CPU
		{5C1325B6-8D8F-4E30-9173-E627B89A2D4C}.Release|Any CPU.Build.0 = Release|Any CPU
	EndGlobalSection
	GlobalSection(SolutionProperties) = preSolution
		HideSolutionNode = FALSE
	EndGlobalSection
	GlobalSection(ExtensibilityGlobals) = postSolution
		SolutionGuid = {BE6A717F-0FBB-4B4A-B16F-8F2E11C9691E}
	EndGlobalSection
EndGlobal
